
Microsoft Visual Studio Solution File, Format Version 12.00
# Visual Studio Version 17
VisualStudioVersion = 17.7.34221.43
MinimumVisualStudioVersion = 10.0.40219.1
Project("{2150E333-8FDC-42A3-9474-1A3956D46DE8}") = "Services", "Services", "{BBE01572-5A4A-46BD-BB4D-D9D6366FE36A}"
EndProject
Project("{9A19103F-16F7-4668-BE54-9A1E7A4F7556}") = "SalesGO.Services.Customer.API", "SalesGO.Services.Customer\SalesGO.Services.Customer.API.csproj", "{AEA51B73-8C02-40F3-9679-6564436D7353}"
EndProject
Project("{9A19103F-16F7-4668-BE54-9A1E7A4F7556}") = "SalesGO.Services.Catelog.API", "SalesGO.Services.Catelog\SalesGO.Services.Catelog.API.csproj", "{67DCF054-C059-463E-A1BF-DBF2F1F463C0}"
EndProject
Project("{9A19103F-16F7-4668-BE54-9A1E7A4F7556}") = "SalesGO.Services.Orders", "SalesGO.Services.Orders\SalesGO.Services.Orders.csproj", "{B829F02D-A13D-44EA-872C-0E9850742414}"
EndProject
Project("{9A19103F-16F7-4668-BE54-9A1E7A4F7556}") = "SalesGO.Services.Vendor.API", "SalesGO.Services.Vendor\SalesGO.Services.Vendor.API.csproj", "{65E40F05-08B9-4503-A372-CB5741D320F2}"
EndProject
Project("{9A19103F-16F7-4668-BE54-9A1E7A4F7556}") = "SalesGO.Services.Inventory", "SalesGO.Services.Inventory\SalesGO.Services.Inventory.csproj", "{01A84E1D-BDC9-4522-B29B-1F7F2AF2AA09}"
EndProject
Project("{9A19103F-16F7-4668-BE54-9A1E7A4F7556}") = "SalesGO.Services.Survey", "SalesGO.Services.Survey\SalesGO.Services.Survey.csproj", "{3D4FA9D3-ED82-40BB-A7BF-BAB9BE67C587}"
EndProject
Project("{9A19103F-16F7-4668-BE54-9A1E7A4F7556}") = "SalesGO.Services.CallPlan", "SalesGO.Services.CallPlan\SalesGO.Services.CallPlan.csproj", "{0FF3EEA5-9676-4E86-95EB-0D6D53849114}"
EndProject
Project("{9A19103F-16F7-4668-BE54-9A1E7A4F7556}") = "SalesGO.Services.Resource", "SalesGO.Services.Resource\SalesGO.Services.Resource.csproj", "{01373E80-18BE-4E1A-A56C-35404E325559}"
EndProject
Project("{2150E333-8FDC-42A3-9474-1A3956D46DE8}") = "Vendors", "Vendors", "{C6C9B01E-4D84-4D3B-A6C1-58B1B14BE502}"
	ProjectSection(SolutionItems) = preProject
		readMe.txt = readMe.txt
	EndProjectSection
EndProject
Project("{9A19103F-16F7-4668-BE54-9A1E7A4F7556}") = "SalesGO.Services.Vendor.Model", "SalesGO.Services.Vendor.Model\SalesGO.Services.Vendor.Model.csproj", "{281399A8-7007-49C2-ACFF-02668DE58F00}"
EndProject
Project("{9A19103F-16F7-4668-BE54-9A1E7A4F7556}") = "SalesGO.Services.Vendor.DataContext", "SalesGO.Services.Vendor.DataContext\SalesGO.Services.Vendor.DataContext.csproj", "{18113224-3FCB-4501-8DE5-7B140B231E73}"
EndProject
Project("{2150E333-8FDC-42A3-9474-1A3956D46DE8}") = "CallPlan", "CallPlan", "{4F04577F-2DF5-4290-9FBD-A6017350877B}"
EndProject
Project("{2150E333-8FDC-42A3-9474-1A3956D46DE8}") = "Orders", "Orders", "{651F8862-67AD-4CB3-9CB3-9C9AEAD8AB6A}"
EndProject
Project("{2150E333-8FDC-42A3-9474-1A3956D46DE8}") = "Inventory", "Inventory", "{ACD72C75-EA82-4463-B257-CF68C5132994}"
EndProject
Project("{2150E333-8FDC-42A3-9474-1A3956D46DE8}") = "Identity", "Identity", "{50DDEC5A-3AB2-4B1F-A429-4E37B7677801}"
EndProject
Project("{2150E333-8FDC-42A3-9474-1A3956D46DE8}") = "Customer", "Customer", "{2809C513-97BE-4BC1-9CCB-144C0760414D}"
	ProjectSection(SolutionItems) = preProject
		readMe.txt = readMe.txt
	EndProjectSection
EndProject
Project("{2150E333-8FDC-42A3-9474-1A3956D46DE8}") = "Catelog", "Catelog", "{4B6B25FC-3237-43A9-9619-61682AD1DFBC}"
EndProject
Project("{2150E333-8FDC-42A3-9474-1A3956D46DE8}") = "Survey", "Survey", "{678E1A12-B3FC-4117-9BE8-3CCFF5C0BAC1}"
EndProject
Project("{2150E333-8FDC-42A3-9474-1A3956D46DE8}") = "Resource", "Resource", "{D026ED07-A33A-464B-A792-6610E7715BF9}"
EndProject
Project("{2150E333-8FDC-42A3-9474-1A3956D46DE8}") = "Utiles", "Utiles", "{5F38A2E9-BBCC-4F9F-9611-FE4F7D4AE091}"
EndProject
Project("{9A19103F-16F7-4668-BE54-9A1E7A4F7556}") = "Response", "Response\Response.csproj", "{5550B8F3-9BA8-487B-8097-C8C247B44310}"
EndProject
Project("{9A19103F-16F7-4668-BE54-9A1E7A4F7556}") = "SalesGO.Services.Customer.DataContext", "SalesGO.Services.Customer.DataContext\SalesGO.Services.Customer.DataContext.csproj", "{6F641E9E-DEF3-4D99-8DC9-D79A7DAC8998}"
EndProject
Project("{9A19103F-16F7-4668-BE54-9A1E7A4F7556}") = "SalesGO.Services.Customer.Model", "SalesGO.Services.Customer.Model\SalesGO.Services.Customer.Model.csproj", "{A59E32F5-5D0D-4A9F-80F8-2B561419E47E}"
EndProject
Project("{9A19103F-16F7-4668-BE54-9A1E7A4F7556}") = "SalesGO.Services.Catelog.DataContext", "SalesGO.Services.Catelog.DataContext\SalesGO.Services.Catelog.DataContext.csproj", "{33179803-8654-43F7-AD4E-31CFA36C34DC}"
EndProject
Project("{9A19103F-16F7-4668-BE54-9A1E7A4F7556}") = "SalesGO.Services.Catelog.Model", "SalesGO.Services.Catelog.Model\SalesGO.Services.Catelog.Model.csproj", "{E2F53553-7046-4174-A2DC-B5499269AF23}"
EndProject
Project("{FAE04EC0-301F-11D3-BF4B-00C04F79EFBC}") = "SalesGO.Services.Identity", "SalesGO.Services.Identity\SalesGO.Services.Identity.csproj", "{1520C52B-E839-4A93-8A95-24C61FCD9D1B}"
EndProject
Global
	GlobalSection(SolutionConfigurationPlatforms) = preSolution
		Debug|Any CPU = Debug|Any CPU
		Release|Any CPU = Release|Any CPU
	EndGlobalSection
	GlobalSection(ProjectConfigurationPlatforms) = postSolution
		{AEA51B73-8C02-40F3-9679-6564436D7353}.Debug|Any CPU.ActiveCfg = Debug|Any CPU
		{AEA51B73-8C02-40F3-9679-6564436D7353}.Debug|Any CPU.Build.0 = Debug|Any CPU
		{AEA51B73-8C02-40F3-9679-6564436D7353}.Release|Any CPU.ActiveCfg = Release|Any CPU
		{AEA51B73-8C02-40F3-9679-6564436D7353}.Release|Any CPU.Build.0 = Release|Any CPU
		{67DCF054-C059-463E-A1BF-DBF2F1F463C0}.Debug|Any CPU.ActiveCfg = Debug|Any CPU
		{67DCF054-C059-463E-A1BF-DBF2F1F463C0}.Debug|Any CPU.Build.0 = Debug|Any CPU
		{67DCF054-C059-463E-A1BF-DBF2F1F463C0}.Release|Any CPU.ActiveCfg = Release|Any CPU
		{67DCF054-C059-463E-A1BF-DBF2F1F463C0}.Release|Any CPU.Build.0 = Release|Any CPU
		{B829F02D-A13D-44EA-872C-0E9850742414}.Debug|Any CPU.ActiveCfg = Debug|Any CPU
		{B829F02D-A13D-44EA-872C-0E9850742414}.Debug|Any CPU.Build.0 = Debug|Any CPU
		{B829F02D-A13D-44EA-872C-0E9850742414}.Release|Any CPU.ActiveCfg = Release|Any CPU
		{B829F02D-A13D-44EA-872C-0E9850742414}.Release|Any CPU.Build.0 = Release|Any CPU
		{65E40F05-08B9-4503-A372-CB5741D320F2}.Debug|Any CPU.ActiveCfg = Debug|Any CPU
		{65E40F05-08B9-4503-A372-CB5741D320F2}.Debug|Any CPU.Build.0 = Debug|Any CPU
		{65E40F05-08B9-4503-A372-CB5741D320F2}.Release|Any CPU.ActiveCfg = Release|Any CPU
		{65E40F05-08B9-4503-A372-CB5741D320F2}.Release|Any CPU.Build.0 = Release|Any CPU
		{01A84E1D-BDC9-4522-B29B-1F7F2AF2AA09}.Debug|Any CPU.ActiveCfg = Debug|Any CPU
		{01A84E1D-BDC9-4522-B29B-1F7F2AF2AA09}.Debug|Any CPU.Build.0 = Debug|Any CPU
		{01A84E1D-BDC9-4522-B29B-1F7F2AF2AA09}.Release|Any CPU.ActiveCfg = Release|Any CPU
		{01A84E1D-BDC9-4522-B29B-1F7F2AF2AA09}.Release|Any CPU.Build.0 = Release|Any CPU
		{3D4FA9D3-ED82-40BB-A7BF-BAB9BE67C587}.Debug|Any CPU.ActiveCfg = Debug|Any CPU
		{3D4FA9D3-ED82-40BB-A7BF-BAB9BE67C587}.Debug|Any CPU.Build.0 = Debug|Any CPU
		{3D4FA9D3-ED82-40BB-A7BF-BAB9BE67C587}.Release|Any CPU.ActiveCfg = Release|Any CPU
		{3D4FA9D3-ED82-40BB-A7BF-BAB9BE67C587}.Release|Any CPU.Build.0 = Release|Any CPU
		{0FF3EEA5-9676-4E86-95EB-0D6D53849114}.Debug|Any CPU.ActiveCfg = Debug|Any CPU
		{0FF3EEA5-9676-4E86-95EB-0D6D53849114}.Debug|Any CPU.Build.0 = Debug|Any CPU
		{0FF3EEA5-9676-4E86-95EB-0D6D53849114}.Release|Any CPU.ActiveCfg = Release|Any CPU
		{0FF3EEA5-9676-4E86-95EB-0D6D53849114}.Release|Any CPU.Build.0 = Release|Any CPU
		{01373E80-18BE-4E1A-A56C-35404E325559}.Debug|Any CPU.ActiveCfg = Debug|Any CPU
		{01373E80-18BE-4E1A-A56C-35404E325559}.Debug|Any CPU.Build.0 = Debug|Any CPU
		{01373E80-18BE-4E1A-A56C-35404E325559}.Release|Any CPU.ActiveCfg = Release|Any CPU
		{01373E80-18BE-4E1A-A56C-35404E325559}.Release|Any CPU.Build.0 = Release|Any CPU
		{281399A8-7007-49C2-ACFF-02668DE58F00}.Debug|Any CPU.ActiveCfg = Debug|Any CPU
		{281399A8-7007-49C2-ACFF-02668DE58F00}.Debug|Any CPU.Build.0 = Debug|Any CPU
		{281399A8-7007-49C2-ACFF-02668DE58F00}.Release|Any CPU.ActiveCfg = Release|Any CPU
		{281399A8-7007-49C2-ACFF-02668DE58F00}.Release|Any CPU.Build.0 = Release|Any CPU
		{18113224-3FCB-4501-8DE5-7B140B231E73}.Debug|Any CPU.ActiveCfg = Debug|Any CPU
		{18113224-3FCB-4501-8DE5-7B140B231E73}.Debug|Any CPU.Build.0 = Debug|Any CPU
		{18113224-3FCB-4501-8DE5-7B140B231E73}.Release|Any CPU.ActiveCfg = Release|Any CPU
		{18113224-3FCB-4501-8DE5-7B140B231E73}.Release|Any CPU.Build.0 = Release|Any CPU
		{5550B8F3-9BA8-487B-8097-C8C247B44310}.Debug|Any CPU.ActiveCfg = Debug|Any CPU
		{5550B8F3-9BA8-487B-8097-C8C247B44310}.Debug|Any CPU.Build.0 = Debug|Any CPU
		{5550B8F3-9BA8-487B-8097-C8C247B44310}.Release|Any CPU.ActiveCfg = Release|Any CPU
		{5550B8F3-9BA8-487B-8097-C8C247B44310}.Release|Any CPU.Build.0 = Release|Any CPU
		{6F641E9E-DEF3-4D99-8DC9-D79A7DAC8998}.Debug|Any CPU.ActiveCfg = Debug|Any CPU
		{6F641E9E-DEF3-4D99-8DC9-D79A7DAC8998}.Debug|Any CPU.Build.0 = Debug|Any CPU
		{6F641E9E-DEF3-4D99-8DC9-D79A7DAC8998}.Release|Any CPU.ActiveCfg = Release|Any CPU
		{6F641E9E-DEF3-4D99-8DC9-D79A7DAC8998}.Release|Any CPU.Build.0 = Release|Any CPU
		{A59E32F5-5D0D-4A9F-80F8-2B561419E47E}.Debug|Any CPU.ActiveCfg = Debug|Any CPU
		{A59E32F5-5D0D-4A9F-80F8-2B561419E47E}.Debug|Any CPU.Build.0 = Debug|Any CPU
		{A59E32F5-5D0D-4A9F-80F8-2B561419E47E}.Release|Any CPU.ActiveCfg = Release|Any CPU
		{A59E32F5-5D0D-4A9F-80F8-2B561419E47E}.Release|Any CPU.Build.0 = Release|Any CPU
		{33179803-8654-43F7-AD4E-31CFA36C34DC}.Debug|Any CPU.ActiveCfg = Debug|Any CPU
		{33179803-8654-43F7-AD4E-31CFA36C34DC}.Debug|Any CPU.Build.0 = Debug|Any CPU
		{33179803-8654-43F7-AD4E-31CFA36C34DC}.Release|Any CPU.ActiveCfg = Release|Any CPU
		{33179803-8654-43F7-AD4E-31CFA36C34DC}.Release|Any CPU.Build.0 = Release|Any CPU
		{E2F53553-7046-4174-A2DC-B5499269AF23}.Debug|Any CPU.ActiveCfg = Debug|Any CPU
		{E2F53553-7046-4174-A2DC-B5499269AF23}.Debug|Any CPU.Build.0 = Debug|Any CPU
		{E2F53553-7046-4174-A2DC-B5499269AF23}.Release|Any CPU.ActiveCfg = Release|Any CPU
		{E2F53553-7046-4174-A2DC-B5499269AF23}.Release|Any CPU.Build.0 = Release|Any CPU
		{1520C52B-E839-4A93-8A95-24C61FCD9D1B}.Debug|Any CPU.ActiveCfg = Debug|Any CPU
		{1520C52B-E839-4A93-8A95-24C61FCD9D1B}.Debug|Any CPU.Build.0 = Debug|Any CPU
		{1520C52B-E839-4A93-8A95-24C61FCD9D1B}.Release|Any CPU.ActiveCfg = Release|Any CPU
		{1520C52B-E839-4A93-8A95-24C61FCD9D1B}.Release|Any CPU.Build.0 = Release|Any CPU
	EndGlobalSection
	GlobalSection(SolutionProperties) = preSolution
		HideSolutionNode = FALSE
	EndGlobalSection
	GlobalSection(NestedProjects) = preSolution
		{AEA51B73-8C02-40F3-9679-6564436D7353} = {2809C513-97BE-4BC1-9CCB-144C0760414D}
		{67DCF054-C059-463E-A1BF-DBF2F1F463C0} = {4B6B25FC-3237-43A9-9619-61682AD1DFBC}
		{B829F02D-A13D-44EA-872C-0E9850742414} = {651F8862-67AD-4CB3-9CB3-9C9AEAD8AB6A}
		{65E40F05-08B9-4503-A372-CB5741D320F2} = {C6C9B01E-4D84-4D3B-A6C1-58B1B14BE502}
		{01A84E1D-BDC9-4522-B29B-1F7F2AF2AA09} = {ACD72C75-EA82-4463-B257-CF68C5132994}
		{3D4FA9D3-ED82-40BB-A7BF-BAB9BE67C587} = {678E1A12-B3FC-4117-9BE8-3CCFF5C0BAC1}
		{0FF3EEA5-9676-4E86-95EB-0D6D53849114} = {4F04577F-2DF5-4290-9FBD-A6017350877B}
		{01373E80-18BE-4E1A-A56C-35404E325559} = {D026ED07-A33A-464B-A792-6610E7715BF9}
		{C6C9B01E-4D84-4D3B-A6C1-58B1B14BE502} = {BBE01572-5A4A-46BD-BB4D-D9D6366FE36A}
		{281399A8-7007-49C2-ACFF-02668DE58F00} = {C6C9B01E-4D84-4D3B-A6C1-58B1B14BE502}
		{18113224-3FCB-4501-8DE5-7B140B231E73} = {C6C9B01E-4D84-4D3B-A6C1-58B1B14BE502}
		{4F04577F-2DF5-4290-9FBD-A6017350877B} = {BBE01572-5A4A-46BD-BB4D-D9D6366FE36A}
		{651F8862-67AD-4CB3-9CB3-9C9AEAD8AB6A} = {BBE01572-5A4A-46BD-BB4D-D9D6366FE36A}
		{ACD72C75-EA82-4463-B257-CF68C5132994} = {BBE01572-5A4A-46BD-BB4D-D9D6366FE36A}
		{50DDEC5A-3AB2-4B1F-A429-4E37B7677801} = {BBE01572-5A4A-46BD-BB4D-D9D6366FE36A}
		{2809C513-97BE-4BC1-9CCB-144C0760414D} = {BBE01572-5A4A-46BD-BB4D-D9D6366FE36A}
		{4B6B25FC-3237-43A9-9619-61682AD1DFBC} = {BBE01572-5A4A-46BD-BB4D-D9D6366FE36A}
		{678E1A12-B3FC-4117-9BE8-3CCFF5C0BAC1} = {BBE01572-5A4A-46BD-BB4D-D9D6366FE36A}
		{D026ED07-A33A-464B-A792-6610E7715BF9} = {BBE01572-5A4A-46BD-BB4D-D9D6366FE36A}
		{5550B8F3-9BA8-487B-8097-C8C247B44310} = {5F38A2E9-BBCC-4F9F-9611-FE4F7D4AE091}
		{6F641E9E-DEF3-4D99-8DC9-D79A7DAC8998} = {2809C513-97BE-4BC1-9CCB-144C0760414D}
		{A59E32F5-5D0D-4A9F-80F8-2B561419E47E} = {2809C513-97BE-4BC1-9CCB-144C0760414D}
		{33179803-8654-43F7-AD4E-31CFA36C34DC} = {4B6B25FC-3237-43A9-9619-61682AD1DFBC}
		{E2F53553-7046-4174-A2DC-B5499269AF23} = {4B6B25FC-3237-43A9-9619-61682AD1DFBC}
		{1520C52B-E839-4A93-8A95-24C61FCD9D1B} = {50DDEC5A-3AB2-4B1F-A429-4E37B7677801}
	EndGlobalSection
	GlobalSection(ExtensibilityGlobals) = postSolution
		SolutionGuid = {FED0518B-FEE9-4E67-A3B0-CD4930C6F755}
	EndGlobalSection
EndGlobal
